
Microsoft Visual Studio Solution File, Format Version 12.00
Project("{FAE04EC0-301F-11D3-BF4B-00C04F79EFBC}") = "UnityPack", "UnityPack\UnityPack.csproj", "{938973B4-30FA-4DA5-B6EF-68CD63972331}"
EndProject
Project("{FAE04EC0-301F-11D3-BF4B-00C04F79EFBC}") = "LibPack", "LibPack\LibPack.csproj", "{03FC5F06-4388-4978-BE2B-B1A4E4520173}"
EndProject
Project("{FAE04EC0-301F-11D3-BF4B-00C04F79EFBC}") = "UnityUnpack", "UnityUnpack\UnityUnpack.csproj", "{334E7D41-552D-4A65-AEE3-DB970C437C30}"
EndProject
Global
	GlobalSection(SolutionConfigurationPlatforms) = preSolution
		Debug|Any CPU = Debug|Any CPU
		Release|Any CPU = Release|Any CPU
	EndGlobalSection
	GlobalSection(ProjectConfigurationPlatforms) = postSolution
		{938973B4-30FA-4DA5-B6EF-68CD63972331}.Debug|Any CPU.ActiveCfg = Debug|Any CPU
		{938973B4-30FA-4DA5-B6EF-68CD63972331}.Debug|Any CPU.Build.0 = Debug|Any CPU
		{938973B4-30FA-4DA5-B6EF-68CD63972331}.Release|Any CPU.ActiveCfg = Release|Any CPU
		{938973B4-30FA-4DA5-B6EF-68CD63972331}.Release|Any CPU.Build.0 = Release|Any CPU
		{03FC5F06-4388-4978-BE2B-B1A4E4520173}.Debug|Any CPU.ActiveCfg = Debug|Any CPU
		{03FC5F06-4388-4978-BE2B-B1A4E4520173}.Debug|Any CPU.Build.0 = Debug|Any CPU
		{03FC5F06-4388-4978-BE2B-B1A4E4520173}.Release|Any CPU.ActiveCfg = Release|Any CPU
		{03FC5F06-4388-4978-BE2B-B1A4E4520173}.Release|Any CPU.Build.0 = Release|Any CPU
		{334E7D41-552D-4A65-AEE3-DB970C437C30}.Debug|Any CPU.ActiveCfg = Debug|Any CPU
		{334E7D41-552D-4A65-AEE3-DB970C437C30}.Debug|Any CPU.Build.0 = Debug|Any CPU
		{334E7D41-552D-4A65-AEE3-DB970C437C30}.Release|Any CPU.ActiveCfg = Release|Any CPU
		{334E7D41-552D-4A65-AEE3-DB970C437C30}.Release|Any CPU.Build.0 = Release|Any CPU
	EndGlobalSection
EndGlobal
